// !$*UTF8*$!
{
	archiveVersion = 1;
	classes = {
	};
	objectVersion = 50;
	objects = {

/* Begin PBXBuildFile section */
		90609D0B210A19C7006F418D /* Extensions.swift in Sources */ = {isa = PBXBuildFile; fileRef = 90609D0A210A19C7006F418D /* Extensions.swift */; };
		90609D0E210A1A53006F418D /* VideoCell.swift in Sources */ = {isa = PBXBuildFile; fileRef = 90609D0D210A1A53006F418D /* VideoCell.swift */; };
		90609D11210A2162006F418D /* MenuBar.swift in Sources */ = {isa = PBXBuildFile; fileRef = 90609D10210A2162006F418D /* MenuBar.swift */; };
		90BC51642106256400470590 /* AppDelegate.swift in Sources */ = {isa = PBXBuildFile; fileRef = 90BC51632106256400470590 /* AppDelegate.swift */; };
		90BC51662106256400470590 /* HomeController.swift in Sources */ = {isa = PBXBuildFile; fileRef = 90BC51652106256400470590 /* HomeController.swift */; };
		90BC51692106256400470590 /* Main.storyboard in Resources */ = {isa = PBXBuildFile; fileRef = 90BC51672106256400470590 /* Main.storyboard */; };
		90BC516B2106256600470590 /* Assets.xcassets in Resources */ = {isa = PBXBuildFile; fileRef = 90BC516A2106256600470590 /* Assets.xcassets */; };
		90BC516E2106256600470590 /* LaunchScreen.storyboard in Resources */ = {isa = PBXBuildFile; fileRef = 90BC516C2106256600470590 /* LaunchScreen.storyboard */; };
		90BC51792106256600470590 /* youtubeTests.swift in Sources */ = {isa = PBXBuildFile; fileRef = 90BC51782106256600470590 /* youtubeTests.swift */; };
		90BC51842106256600470590 /* youtubeUITests.swift in Sources */ = {isa = PBXBuildFile; fileRef = 90BC51832106256600470590 /* youtubeUITests.swift */; };
/* End PBXBuildFile section */

/* Begin PBXContainerItemProxy section */
		90BC51752106256600470590 /* PBXContainerItemProxy */ = {
			isa = PBXContainerItemProxy;
			containerPortal = 90BC51582106256300470590 /* Project object */;
			proxyType = 1;
			remoteGlobalIDString = 90BC515F2106256300470590;
			remoteInfo = youtube;
		};
		90BC51802106256600470590 /* PBXContainerItemProxy */ = {
			isa = PBXContainerItemProxy;
			containerPortal = 90BC51582106256300470590 /* Project object */;
			proxyType = 1;
			remoteGlobalIDString = 90BC515F2106256300470590;
			remoteInfo = youtube;
		};
/* End PBXContainerItemProxy section */

/* Begin PBXFileReference section */
		90609D0A210A19C7006F418D /* Extensions.swift */ = {isa = PBXFileReference; lastKnownFileType = sourcecode.swift; path = Extensions.swift; sourceTree = "<group>"; };
		90609D0D210A1A53006F418D /* VideoCell.swift */ = {isa = PBXFileReference; lastKnownFileType = sourcecode.swift; path = VideoCell.swift; sourceTree = "<group>"; };
		90609D10210A2162006F418D /* MenuBar.swift */ = {isa = PBXFileReference; lastKnownFileType = sourcecode.swift; path = MenuBar.swift; sourceTree = "<group>"; };
		90BC51602106256400470590 /* youtube.app */ = {isa = PBXFileReference; explicitFileType = wrapper.application; includeInIndex = 0; path = youtube.app; sourceTree = BUILT_PRODUCTS_DIR; };
		90BC51632106256400470590 /* AppDelegate.swift */ = {isa = PBXFileReference; lastKnownFileType = sourcecode.swift; path = AppDelegate.swift; sourceTree = "<group>"; };
		90BC51652106256400470590 /* HomeController.swift */ = {isa = PBXFileReference; lastKnownFileType = sourcecode.swift; path = HomeController.swift; sourceTree = "<group>"; };
		90BC51682106256400470590 /* Base */ = {isa = PBXFileReference; lastKnownFileType = file.storyboard; name = Base; path = Base.lproj/Main.storyboard; sourceTree = "<group>"; };
		90BC516A2106256600470590 /* Assets.xcassets */ = {isa = PBXFileReference; lastKnownFileType = folder.assetcatalog; path = Assets.xcassets; sourceTree = "<group>"; };
		90BC516D2106256600470590 /* Base */ = {isa = PBXFileReference; lastKnownFileType = file.storyboard; name = Base; path = Base.lproj/LaunchScreen.storyboard; sourceTree = "<group>"; };
		90BC516F2106256600470590 /* Info.plist */ = {isa = PBXFileReference; lastKnownFileType = text.plist.xml; path = Info.plist; sourceTree = "<group>"; };
		90BC51742106256600470590 /* youtubeTests.xctest */ = {isa = PBXFileReference; explicitFileType = wrapper.cfbundle; includeInIndex = 0; path = youtubeTests.xctest; sourceTree = BUILT_PRODUCTS_DIR; };
		90BC51782106256600470590 /* youtubeTests.swift */ = {isa = PBXFileReference; lastKnownFileType = sourcecode.swift; path = youtubeTests.swift; sourceTree = "<group>"; };
		90BC517A2106256600470590 /* Info.plist */ = {isa = PBXFileReference; lastKnownFileType = text.plist.xml; path = Info.plist; sourceTree = "<group>"; };
		90BC517F2106256600470590 /* youtubeUITests.xctest */ = {isa = PBXFileReference; explicitFileType = wrapper.cfbundle; includeInIndex = 0; path = youtubeUITests.xctest; sourceTree = BUILT_PRODUCTS_DIR; };
		90BC51832106256600470590 /* youtubeUITests.swift */ = {isa = PBXFileReference; lastKnownFileType = sourcecode.swift; path = youtubeUITests.swift; sourceTree = "<group>"; };
		90BC51852106256600470590 /* Info.plist */ = {isa = PBXFileReference; lastKnownFileType = text.plist.xml; path = Info.plist; sourceTree = "<group>"; };
/* End PBXFileReference section */

/* Begin PBXFrameworksBuildPhase section */
		90BC515D2106256300470590 /* Frameworks */ = {
			isa = PBXFrameworksBuildPhase;
			buildActionMask = 2147483647;
			files = (
			);
			runOnlyForDeploymentPostprocessing = 0;
		};
		90BC51712106256600470590 /* Frameworks */ = {
			isa = PBXFrameworksBuildPhase;
			buildActionMask = 2147483647;
			files = (
			);
			runOnlyForDeploymentPostprocessing = 0;
		};
		90BC517C2106256600470590 /* Frameworks */ = {
			isa = PBXFrameworksBuildPhase;
			buildActionMask = 2147483647;
			files = (
			);
			runOnlyForDeploymentPostprocessing = 0;
		};
/* End PBXFrameworksBuildPhase section */

/* Begin PBXGroup section */
		90609D09210A19AF006F418D /* Helpers */ = {
			isa = PBXGroup;
			children = (
				90609D0A210A19C7006F418D /* Extensions.swift */,
			);
			path = Helpers;
			sourceTree = "<group>";
		};
		90609D0C210A1A31006F418D /* View */ = {
			isa = PBXGroup;
			children = (
				90609D0D210A1A53006F418D /* VideoCell.swift */,
				90609D10210A2162006F418D /* MenuBar.swift */,
			);
			path = View;
			sourceTree = "<group>";
		};
		90609D0F210A1A70006F418D /* Controller */ = {
			isa = PBXGroup;
			children = (
				90BC51652106256400470590 /* HomeController.swift */,
			);
			path = Controller;
			sourceTree = "<group>";
		};
		90BC51572106256300470590 = {
			isa = PBXGroup;
			children = (
				90BC51622106256400470590 /* youtube */,
				90BC51772106256600470590 /* youtubeTests */,
				90BC51822106256600470590 /* youtubeUITests */,
				90BC51612106256400470590 /* Products */,
			);
			sourceTree = "<group>";
		};
		90BC51612106256400470590 /* Products */ = {
			isa = PBXGroup;
			children = (
				90BC51602106256400470590 /* youtube.app */,
				90BC51742106256600470590 /* youtubeTests.xctest */,
				90BC517F2106256600470590 /* youtubeUITests.xctest */,
			);
			name = Products;
			sourceTree = "<group>";
		};
		90BC51622106256400470590 /* youtube */ = {
			isa = PBXGroup;
			children = (
				90609D0F210A1A70006F418D /* Controller */,
				90609D0C210A1A31006F418D /* View */,
				90609D09210A19AF006F418D /* Helpers */,
				90BC51632106256400470590 /* AppDelegate.swift */,
				90BC51672106256400470590 /* Main.storyboard */,
				90BC516A2106256600470590 /* Assets.xcassets */,
				90BC516C2106256600470590 /* LaunchScreen.storyboard */,
				90BC516F2106256600470590 /* Info.plist */,
			);
			path = youtube;
			sourceTree = "<group>";
		};
		90BC51772106256600470590 /* youtubeTests */ = {
			isa = PBXGroup;
			children = (
				90BC51782106256600470590 /* youtubeTests.swift */,
				90BC517A2106256600470590 /* Info.plist */,
			);
			path = youtubeTests;
			sourceTree = "<group>";
		};
		90BC51822106256600470590 /* youtubeUITests */ = {
			isa = PBXGroup;
			children = (
				90BC51832106256600470590 /* youtubeUITests.swift */,
				90BC51852106256600470590 /* Info.plist */,
			);
			path = youtubeUITests;
			sourceTree = "<group>";
		};
/* End PBXGroup section */

/* Begin PBXNativeTarget section */
		90BC515F2106256300470590 /* youtube */ = {
			isa = PBXNativeTarget;
			buildConfigurationList = 90BC51882106256600470590 /* Build configuration list for PBXNativeTarget "youtube" */;
			buildPhases = (
				90BC515C2106256300470590 /* Sources */,
				90BC515D2106256300470590 /* Frameworks */,
				90BC515E2106256300470590 /* Resources */,
			);
			buildRules = (
			);
			dependencies = (
			);
			name = youtube;
			productName = youtube;
			productReference = 90BC51602106256400470590 /* youtube.app */;
			productType = "com.apple.product-type.application";
		};
		90BC51732106256600470590 /* youtubeTests */ = {
			isa = PBXNativeTarget;
			buildConfigurationList = 90BC518B2106256600470590 /* Build configuration list for PBXNativeTarget "youtubeTests" */;
			buildPhases = (
				90BC51702106256600470590 /* Sources */,
				90BC51712106256600470590 /* Frameworks */,
				90BC51722106256600470590 /* Resources */,
			);
			buildRules = (
			);
			dependencies = (
				90BC51762106256600470590 /* PBXTargetDependency */,
			);
			name = youtubeTests;
			productName = youtubeTests;
			productReference = 90BC51742106256600470590 /* youtubeTests.xctest */;
			productType = "com.apple.product-type.bundle.unit-test";
		};
		90BC517E2106256600470590 /* youtubeUITests */ = {
			isa = PBXNativeTarget;
			buildConfigurationList = 90BC518E2106256600470590 /* Build configuration list for PBXNativeTarget "youtubeUITests" */;
			buildPhases = (
				90BC517B2106256600470590 /* Sources */,
				90BC517C2106256600470590 /* Frameworks */,
				90BC517D2106256600470590 /* Resources */,
			);
			buildRules = (
			);
			dependencies = (
				90BC51812106256600470590 /* PBXTargetDependency */,
			);
			name = youtubeUITests;
			productName = youtubeUITests;
			productReference = 90BC517F2106256600470590 /* youtubeUITests.xctest */;
			productType = "com.apple.product-type.bundle.ui-testing";
		};
/* End PBXNativeTarget section */

/* Begin PBXProject section */
		90BC51582106256300470590 /* Project object */ = {
			isa = PBXProject;
			attributes = {
				LastSwiftUpdateCheck = 0940;
				LastUpgradeCheck = 0940;
				ORGANIZATIONNAME = "周椿杰";
				TargetAttributes = {
					90BC515F2106256300470590 = {
						CreatedOnToolsVersion = 9.4.1;
					};
					90BC51732106256600470590 = {
						CreatedOnToolsVersion = 9.4.1;
						TestTargetID = 90BC515F2106256300470590;
					};
					90BC517E2106256600470590 = {
						CreatedOnToolsVersion = 9.4.1;
						TestTargetID = 90BC515F2106256300470590;
					};
				};
			};
			buildConfigurationList = 90BC515B2106256300470590 /* Build configuration list for PBXProject "youtube" */;
			compatibilityVersion = "Xcode 9.3";
			developmentRegion = en;
			hasScannedForEncodings = 0;
			knownRegions = (
				en,
				Base,
			);
			mainGroup = 90BC51572106256300470590;
			productRefGroup = 90BC51612106256400470590 /* Products */;
			projectDirPath = "";
			projectRoot = "";
			targets = (
				90BC515F2106256300470590 /* youtube */,
				90BC51732106256600470590 /* youtubeTests */,
				90BC517E2106256600470590 /* youtubeUITests */,
			);
		};
/* End PBXProject section */

/* Begin PBXResourcesBuildPhase section */
		90BC515E2106256300470590 /* Resources */ = {
			isa = PBXResourcesBuildPhase;
			buildActionMask = 2147483647;
			files = (
				90BC516E2106256600470590 /* LaunchScreen.storyboard in Resources */,
				90BC516B2106256600470590 /* Assets.xcassets in Resources */,
				90BC51692106256400470590 /* Main.storyboard in Resources */,
			);
			runOnlyForDeploymentPostprocessing = 0;
		};
		90BC51722106256600470590 /* Resources */ = {
			isa = PBXResourcesBuildPhase;
			buildActionMask = 2147483647;
			files = (
			);
			runOnlyForDeploymentPostprocessing = 0;
		};
		90BC517D2106256600470590 /* Resources */ = {
			isa = PBXResourcesBuildPhase;
			buildActionMask = 2147483647;
			files = (
			);
			runOnlyForDeploymentPostprocessing = 0;
		};
/* End PBXResourcesBuildPhase section */

/* Begin PBXSourcesBuildPhase section */
		90BC515C2106256300470590 /* Sources */ = {
			isa = PBXSourcesBuildPhase;
			buildActionMask = 2147483647;
			files = (
				90BC51662106256400470590 /* HomeController.swift in Sources */,
				90609D0E210A1A53006F418D /* VideoCell.swift in Sources */,
				90609D0B210A19C7006F418D /* Extensions.swift in Sources */,
				90BC51642106256400470590 /* AppDelegate.swift in Sources */,
				90609D11210A2162006F418D /* MenuBar.swift in Sources */,
			);
			runOnlyForDeploymentPostprocessing = 0;
		};
		90BC51702106256600470590 /* Sources */ = {
			isa = PBXSourcesBuildPhase;
			buildActionMask = 2147483647;
			files = (
				90BC51792106256600470590 /* youtubeTests.swift in Sources */,
			);
			runOnlyForDeploymentPostprocessing = 0;
		};
		90BC517B2106256600470590 /* Sources */ = {
			isa = PBXSourcesBuildPhase;
			buildActionMask = 2147483647;
			files = (
				90BC51842106256600470590 /* youtubeUITests.swift in Sources */,
			);
			runOnlyForDeploymentPostprocessing = 0;
		};
/* End PBXSourcesBuildPhase section */

/* Begin PBXTargetDependency section */
		90BC51762106256600470590 /* PBXTargetDependency */ = {
			isa = PBXTargetDependency;
			target = 90BC515F2106256300470590 /* youtube */;
			targetProxy = 90BC51752106256600470590 /* PBXContainerItemProxy */;
		};
		90BC51812106256600470590 /* PBXTargetDependency */ = {
			isa = PBXTargetDependency;
			target = 90BC515F2106256300470590 /* youtube */;
			targetProxy = 90BC51802106256600470590 /* PBXContainerItemProxy */;
		};
/* End PBXTargetDependency section */

/* Begin PBXVariantGroup section */
		90BC51672106256400470590 /* Main.storyboard */ = {
			isa = PBXVariantGroup;
			children = (
				90BC51682106256400470590 /* Base */,
			);
			name = Main.storyboard;
			sourceTree = "<group>";
		};
		90BC516C2106256600470590 /* LaunchScreen.storyboard */ = {
			isa = PBXVariantGroup;
			children = (
				90BC516D2106256600470590 /* Base */,
			);
			name = LaunchScreen.storyboard;
			sourceTree = "<group>";
		};
/* End PBXVariantGroup section */

/* Begin XCBuildConfiguration section */
		90BC51862106256600470590 /* Debug */ = {
			isa = XCBuildConfiguration;
			buildSettings = {
				ALWAYS_SEARCH_USER_PATHS = NO;
				CLANG_ANALYZER_NONNULL = YES;
				CLANG_ANALYZER_NUMBER_OBJECT_CONVERSION = YES_AGGRESSIVE;
				CLANG_CXX_LANGUAGE_STANDARD = "gnu++14";
				CLANG_CXX_LIBRARY = "libc++";
				CLANG_ENABLE_MODULES = YES;
				CLANG_ENABLE_OBJC_ARC = YES;
				CLANG_ENABLE_OBJC_WEAK = YES;
				CLANG_WARN_BLOCK_CAPTURE_AUTORELEASING = YES;
				CLANG_WARN_BOOL_CONVERSION = YES;
				CLANG_WARN_COMMA = YES;
				CLANG_WARN_CONSTANT_CONVERSION = YES;
				CLANG_WARN_DEPRECATED_OBJC_IMPLEMENTATIONS = YES;
				CLANG_WARN_DIRECT_OBJC_ISA_USAGE = YES_ERROR;
				CLANG_WARN_DOCUMENTATION_COMMENTS = YES;
				CLANG_WARN_EMPTY_BODY = YES;
				CLANG_WARN_ENUM_CONVERSION = YES;
				CLANG_WARN_INFINITE_RECURSION = YES;
				CLANG_WARN_INT_CONVERSION = YES;
				CLANG_WARN_NON_LITERAL_NULL_CONVERSION = YES;
				CLANG_WARN_OBJC_IMPLICIT_RETAIN_SELF = YES;
				CLANG_WARN_OBJC_LITERAL_CONVERSION = YES;
				CLANG_WARN_OBJC_ROOT_CLASS = YES_ERROR;
				CLANG_WARN_RANGE_LOOP_ANALYSIS = YES;
				CLANG_WARN_STRICT_PROTOTYPES = YES;
				CLANG_WARN_SUSPICIOUS_MOVE = YES;
				CLANG_WARN_UNGUARDED_AVAILABILITY = YES_AGGRESSIVE;
				CLANG_WARN_UNREACHABLE_CODE = YES;
				CLANG_WARN__DUPLICATE_METHOD_MATCH = YES;
				CODE_SIGN_IDENTITY = "iPhone Developer";
				COPY_PHASE_STRIP = NO;
				DEBUG_INFORMATION_FORMAT = dwarf;
				ENABLE_STRICT_OBJC_MSGSEND = YES;
				ENABLE_TESTABILITY = YES;
				GCC_C_LANGUAGE_STANDARD = gnu11;
				GCC_DYNAMIC_NO_PIC = NO;
				GCC_NO_COMMON_BLOCKS = YES;
				GCC_OPTIMIZATION_LEVEL = 0;
				GCC_PREPROCESSOR_DEFINITIONS = (
					"DEBUG=1",
					"$(inherited)",
				);
				GCC_WARN_64_TO_32_BIT_CONVERSION = YES;
				GCC_WARN_ABOUT_RETURN_TYPE = YES_ERROR;
				GCC_WARN_UNDECLARED_SELECTOR = YES;
				GCC_WARN_UNINITIALIZED_AUTOS = YES_AGGRESSIVE;
				GCC_WARN_UNUSED_FUNCTION = YES;
				GCC_WARN_UNUSED_VARIABLE = YES;
				IPHONEOS_DEPLOYMENT_TARGET = 11.4;
				MTL_ENABLE_DEBUG_INFO = YES;
				ONLY_ACTIVE_ARCH = YES;
				SDKROOT = iphoneos;
				SWIFT_ACTIVE_COMPILATION_CONDITIONS = DEBUG;
				SWIFT_OPTIMIZATION_LEVEL = "-Onone";
			};
			name = Debug;
		};
		90BC51872106256600470590 /* Release */ = {
			isa = XCBuildConfiguration;
			buildSettings = {
				ALWAYS_SEARCH_USER_PATHS = NO;
				CLANG_ANALYZER_NONNULL = YES;
				CLANG_ANALYZER_NUMBER_OBJECT_CONVERSION = YES_AGGRESSIVE;
				CLANG_CXX_LANGUAGE_STANDARD = "gnu++14";
				CLANG_CXX_LIBRARY = "libc++";
				CLANG_ENABLE_MODULES = YES;
				CLANG_ENABLE_OBJC_ARC = YES;
				CLANG_ENABLE_OBJC_WEAK = YES;
				CLANG_WARN_BLOCK_CAPTURE_AUTORELEASING = YES;
				CLANG_WARN_BOOL_CONVERSION = YES;
				CLANG_WARN_COMMA = YES;
				CLANG_WARN_CONSTANT_CONVERSION = YES;
				CLANG_WARN_DEPRECATED_OBJC_IMPLEMENTATIONS = YES;
				CLANG_WARN_DIRECT_OBJC_ISA_USAGE = YES_ERROR;
				CLANG_WARN_DOCUMENTATION_COMMENTS = YES;
				CLANG_WARN_EMPTY_BODY = YES;
				CLANG_WARN_ENUM_CONVERSION = YES;
				CLANG_WARN_INFINITE_RECURSION = YES;
				CLANG_WARN_INT_CONVERSION = YES;
				CLANG_WARN_NON_LITERAL_NULL_CONVERSION = YES;
				CLANG_WARN_OBJC_IMPLICIT_RETAIN_SELF = YES;
				CLANG_WARN_OBJC_LITERAL_CONVERSION = YES;
				CLANG_WARN_OBJC_ROOT_CLASS = YES_ERROR;
				CLANG_WARN_RANGE_LOOP_ANALYSIS = YES;
				CLANG_WARN_STRICT_PROTOTYPES = YES;
				CLANG_WARN_SUSPICIOUS_MOVE = YES;
				CLANG_WARN_UNGUARDED_AVAILABILITY = YES_AGGRESSIVE;
				CLANG_WARN_UNREACHABLE_CODE = YES;
				CLANG_WARN__DUPLICATE_METHOD_MATCH = YES;
				CODE_SIGN_IDENTITY = "iPhone Developer";
				COPY_PHASE_STRIP = NO;
				DEBUG_INFORMATION_FORMAT = "dwarf-with-dsym";
				ENABLE_NS_ASSERTIONS = NO;
				ENABLE_STRICT_OBJC_MSGSEND = YES;
				GCC_C_LANGUAGE_STANDARD = gnu11;
				GCC_NO_COMMON_BLOCKS = YES;
				GCC_WARN_64_TO_32_BIT_CONVERSION = YES;
				GCC_WARN_ABOUT_RETURN_TYPE = YES_ERROR;
				GCC_WARN_UNDECLARED_SELECTOR = YES;
				GCC_WARN_UNINITIALIZED_AUTOS = YES_AGGRESSIVE;
				GCC_WARN_UNUSED_FUNCTION = YES;
				GCC_WARN_UNUSED_VARIABLE = YES;
				IPHONEOS_DEPLOYMENT_TARGET = 11.4;
				MTL_ENABLE_DEBUG_INFO = NO;
				SDKROOT = iphoneos;
				SWIFT_COMPILATION_MODE = wholemodule;
				SWIFT_OPTIMIZATION_LEVEL = "-O";
				VALIDATE_PRODUCT = YES;
			};
			name = Release;
		};
		90BC51892106256600470590 /* Debug */ = {
			isa = XCBuildConfiguration;
			buildSettings = {
				ASSETCATALOG_COMPILER_APPICON_NAME = AppIcon;
				CODE_SIGN_STYLE = Automatic;
				DEVELOPMENT_TEAM = LUCG367MSW;
				INFOPLIST_FILE = youtube/Info.plist;
				LD_RUNPATH_SEARCH_PATHS = (
					"$(inherited)",
					"@executable_path/Frameworks",
				);
				PRODUCT_BUNDLE_IDENTIFIER = com.leozhou.youtube;
				PRODUCT_NAME = "$(TARGET_NAME)";
				SWIFT_VERSION = 4.0;
				TARGETED_DEVICE_FAMILY = "1,2";
			};
			name = Debug;
		};
		90BC518A2106256600470590 /* Release */ = {
			isa = XCBuildConfiguration;
			buildSettings = {
				ASSETCATALOG_COMPILER_APPICON_NAME = AppIcon;
				CODE_SIGN_STYLE = Automatic;
				DEVELOPMENT_TEAM = LUCG367MSW;
				INFOPLIST_FILE = youtube/Info.plist;
				LD_RUNPATH_SEARCH_PATHS = (
					"$(inherited)",
					"@executable_path/Frameworks",
				);
				PRODUCT_BUNDLE_IDENTIFIER = com.leozhou.youtube;
				PRODUCT_NAME = "$(TARGET_NAME)";
				SWIFT_VERSION = 4.0;
				TARGETED_DEVICE_FAMILY = "1,2";
			};
			name = Release;
		};
		90BC518C2106256600470590 /* Debug */ = {
			isa = XCBuildConfiguration;
			buildSettings = {
				ALWAYS_EMBED_SWIFT_STANDARD_LIBRARIES = YES;
				BUNDLE_LOADER = "$(TEST_HOST)";
				CODE_SIGN_STYLE = Automatic;
				DEVELOPMENT_TEAM = LUCG367MSW;
				INFOPLIST_FILE = youtubeTests/Info.plist;
				LD_RUNPATH_SEARCH_PATHS = (
					"$(inherited)",
					"@executable_path/Frameworks",
					"@loader_path/Frameworks",
				);
				PRODUCT_BUNDLE_IDENTIFIER = com.leozhou.youtubeTests;
				PRODUCT_NAME = "$(TARGET_NAME)";
				SWIFT_VERSION = 4.0;
				TARGETED_DEVICE_FAMILY = "1,2";
				TEST_HOST = "$(BUILT_PRODUCTS_DIR)/youtube.app/youtube";
			};
			name = Debug;
		};
		90BC518D2106256600470590 /* Release */ = {
			isa = XCBuildConfiguration;
			buildSettings = {
				ALWAYS_EMBED_SWIFT_STANDARD_LIBRARIES = YES;
				BUNDLE_LOADER = "$(TEST_HOST)";
				CODE_SIGN_STYLE = Automatic;
				DEVELOPMENT_TEAM = LUCG367MSW;
				INFOPLIST_FILE = youtubeTests/Info.plist;
				LD_RUNPATH_SEARCH_PATHS = (
					"$(inherited)",
					"@executable_path/Frameworks",
					"@loader_path/Frameworks",
				);
				PRODUCT_BUNDLE_IDENTIFIER = com.leozhou.youtubeTests;
				PRODUCT_NAME = "$(TARGET_NAME)";
				SWIFT_VERSION = 4.0;
				TARGETED_DEVICE_FAMILY = "1,2";
				TEST_HOST = "$(BUILT_PRODUCTS_DIR)/youtube.app/youtube";
			};
			name = Release;
		};
		90BC518F2106256600470590 /* Debug */ = {
			isa = XCBuildConfiguration;
			buildSettings = {
				ALWAYS_EMBED_SWIFT_STANDARD_LIBRARIES = YES;
				CODE_SIGN_STYLE = Automatic;
				DEVELOPMENT_TEAM = LUCG367MSW;
				INFOPLIST_FILE = youtubeUITests/Info.plist;
				LD_RUNPATH_SEARCH_PATHS = (
					"$(inherited)",
					"@executable_path/Frameworks",
					"@loader_path/Frameworks",
				);
				PRODUCT_BUNDLE_IDENTIFIER = com.leozhou.youtubeUITests;
				PRODUCT_NAME = "$(TARGET_NAME)";
				SWIFT_VERSION = 4.0;
				TARGETED_DEVICE_FAMILY = "1,2";
				TEST_TARGET_NAME = youtube;
			};
			name = Debug;
		};
		90BC51902106256600470590 /* Release */ = {
			isa = XCBuildConfiguration;
			buildSettings = {
				ALWAYS_EMBED_SWIFT_STANDARD_LIBRARIES = YES;
				CODE_SIGN_STYLE = Automatic;
				DEVELOPMENT_TEAM = LUCG367MSW;
				INFOPLIST_FILE = youtubeUITests/Info.plist;
				LD_RUNPATH_SEARCH_PATHS = (
					"$(inherited)",
					"@executable_path/Frameworks",
					"@loader_path/Frameworks",
				);
				PRODUCT_BUNDLE_IDENTIFIER = com.leozhou.youtubeUITests;
				PRODUCT_NAME = "$(TARGET_NAME)";
				SWIFT_VERSION = 4.0;
				TARGETED_DEVICE_FAMILY = "1,2";
				TEST_TARGET_NAME = youtube;
			};
			name = Release;
		};
/* End XCBuildConfiguration section */

/* Begin XCConfigurationList section */
		90BC515B2106256300470590 /* Build configuration list for PBXProject "youtube" */ = {
			isa = XCConfigurationList;
			buildConfigurations = (
				90BC51862106256600470590 /* Debug */,
				90BC51872106256600470590 /* Release */,
			);
			defaultConfigurationIsVisible = 0;
			defaultConfigurationName = Release;
		};
		90BC51882106256600470590 /* Build configuration list for PBXNativeTarget "youtube" */ = {
			isa = XCConfigurationList;
			buildConfigurations = (
				90BC51892106256600470590 /* Debug */,
				90BC518A2106256600470590 /* Release */,
			);
			defaultConfigurationIsVisible = 0;
			defaultConfigurationName = Release;
		};
		90BC518B2106256600470590 /* Build configuration list for PBXNativeTarget "youtubeTests" */ = {
			isa = XCConfigurationList;
			buildConfigurations = (
				90BC518C2106256600470590 /* Debug */,
				90BC518D2106256600470590 /* Release */,
			);
			defaultConfigurationIsVisible = 0;
			defaultConfigurationName = Release;
		};
		90BC518E2106256600470590 /* Build configuration list for PBXNativeTarget "youtubeUITests" */ = {
			isa = XCConfigurationList;
			buildConfigurations = (
				90BC518F2106256600470590 /* Debug */,
				90BC51902106256600470590 /* Release */,
			);
			defaultConfigurationIsVisible = 0;
			defaultConfigurationName = Release;
		};
/* End XCConfigurationList section */
	};
	rootObject = 90BC51582106256300470590 /* Project object */;
}
